
Microsoft Visual Studio Solution File, Format Version 12.00
# Visual Studio Version 17
VisualStudioVersion = 17.0.32126.317
MinimumVisualStudioVersion = 10.0.40219.1
Project("{FAE04EC0-301F-11D3-BF4B-00C04F79EFBC}") = "TicTacToe", "TicTacToe\TicTacToe.csproj", "{A1EEE64A-51D8-4CE3-A4CF-178A96483A19}"
EndProject
Global
	GlobalSection(SolutionConfigurationPlatforms) = preSolution
		Debug|Any CPU = Debug|Any CPU
		Release|Any CPU = Release|Any CPU
	EndGlobalSection
	GlobalSection(ProjectConfigurationPlatforms) = postSolution
		{A1EEE64A-51D8-4CE3-A4CF-178A96483A19}.Debug|Any CPU.ActiveCfg = Debug|Any CPU
		{A1EEE64A-51D8-4CE3-A4CF-178A96483A19}.Debug|Any CPU.Build.0 = Debug|Any CPU
		{A1EEE64A-51D8-4CE3-A4CF-178A96483A19}.Release|Any CPU.ActiveCfg = Release|Any CPU
		{A1EEE64A-51D8-4CE3-A4CF-178A96483A19}.Release|Any CPU.Build.0 = Release|Any CPU
	EndGlobalSection
	GlobalSection(SolutionProperties) = preSolution
		HideSolutionNode = FALSE
	EndGlobalSection
	GlobalSection(ExtensibilityGlobals) = postSolution
		SolutionGuid = {FACC3C34-A696-4CF3-AFF9-60EFEABA63FD}
	EndGlobalSection
EndGlobal
